{
  "nodes": {
    "ghostty": {
      "locked": {
        "lastModified": 1702368251,
        "narHash": "sha256-hafrDmzGplzm+vdIo+LkOjRfA4qRcy5JmpGGksnht5c=",
        "owner": "clo4",
        "repo": "ghostty-hm-module",
        "rev": "887e13a6e7acf5ffaab0119d96e476d84db90904",
        "type": "github"
      },
      "original": {
        "owner": "clo4",
        "repo": "ghostty-hm-module",
        "type": "github"
      }
    },
    "home-manager": {
      "inputs": {
        "nixpkgs": [
          "nixpkgs"
        ]
      },
      "locked": {
        "lastModified": 1724412708,
        "narHash": "sha256-tLr1k+UZLVumyqXRU8E5lBtLjsvHSy8e2NiamfkjpYg=",
        "owner": "nix-community",
        "repo": "home-manager",
        "rev": "b18f3ebc4029c22d437e3424014c8597a8b459a0",
        "type": "github"
      },
      "original": {
        "owner": "nix-community",
        "repo": "home-manager",
        "type": "github"
      }
    },
    "nix-darwin": {
      "inputs": {
        "nixpkgs": [
          "nixpkgs"
        ]
      },
      "locked": {
        "lastModified": 1724299755,
        "narHash": "sha256-P5zMA17kD9tqiqMuNXwupkM7buM3gMNtoZ1VuJTRDE4=",
        "owner": "LnL7",
        "repo": "nix-darwin",
        "rev": "a8968d88e5a537b0491f68ce910749cd870bdbef",
        "type": "github"
      },
      "original": {
        "owner": "LnL7",
        "repo": "nix-darwin",
        "type": "github"
      }
    },
    "nixpkgs": {
      "locked": {
        "lastModified": 1724363052,
        "narHash": "sha256-Nf/iQWamRVAwAPFccQMfm5Qcf+rLLnU1rWG3f9orDVE=",
        "owner": "nixos",
        "repo": "nixpkgs",
        "rev": "5de1564aed415bf9d0f281461babc2d101dd49ff",
        "type": "github"
      },
      "original": {
        "owner": "nixos",
        "ref": "nixpkgs-unstable",
        "repo": "nixpkgs",
        "type": "github"
      }
    },
    "root": {
      "inputs": {
        "ghostty": "ghostty",
        "home-manager": "home-manager",
        "nix-darwin": "nix-darwin",
        "nixpkgs": "nixpkgs"
      }
    }
  },
  "root": "root",
  "version": 7
}
