{
	"name": "gh-actions-language-server",
	"version": "0.0.3",
	"lockfileVersion": 3,
	"requires": true,
	"packages": {
		"": {
			"name": "gh-actions-language-server",
			"version": "0.0.3",
			"license": "MIT",
			"dependencies": {
				"@actions/languageserver": "^0.3.13",
				"@actions/workflow-parser": "^0.3.13",
				"@octokit/rest": "^19.0.7",
				"@octokit/types": "^9.0.0",
				"vscode-languageserver": "^8.0.2",
				"vscode-languageserver-textdocument": "^1.0.7",
				"yaml": "^2.1.3"
			},
			"bin": {
				"gh-actions-language-server": "bin/gh-actions-language-server"
			},
			"devDependencies": {
				"@biomejs/biome": "^1.9.4",
				"@types/bun": "latest"
			},
			"engines": {
				"node": ">=13.2.0"
			},
			"peerDependencies": {
				"typescript": "^5.0.0"
			}
		},
		"node_modules/@actions/expressions": {
			"version": "0.3.13",
			"resolved": "https://registry.npmjs.org/@actions/expressions/-/expressions-0.3.13.tgz",
			"integrity": "sha512-T7DzRitCRN0rU4lNWQsgQhxbJ4X/qnvxCcLUYZfbgK1xpN+gM1lGq8yGLDn8efhMsa03DmdDBzW02DL917QilA==",
			"license": "MIT",
			"engines": {
				"node": ">= 16.15"
			}
		},
		"node_modules/@actions/languageserver": {
			"version": "0.3.13",
			"resolved": "https://registry.npmjs.org/@actions/languageserver/-/languageserver-0.3.13.tgz",
			"integrity": "sha512-GqM81G5f29BGCeXeZOLqTg8CR+y/NnVpd5Mijv1/HF0M7gfnFrGdmeML1HgWRraaenQYMOnFsaNuvn2WwjORWg==",
			"license": "MIT",
			"dependencies": {
				"@actions/languageservice": "^0.3.13",
				"@actions/workflow-parser": "^0.3.13",
				"@octokit/rest": "^19.0.7",
				"@octokit/types": "^9.0.0",
				"vscode-languageserver": "^8.0.2",
				"vscode-languageserver-textdocument": "^1.0.7",
				"yaml": "^2.1.3"
			},
			"engines": {
				"node": ">= 16.15"
			}
		},
		"node_modules/@actions/languageservice": {
			"version": "0.3.13",
			"resolved": "https://registry.npmjs.org/@actions/languageservice/-/languageservice-0.3.13.tgz",
			"integrity": "sha512-1yWHGPyosvmzDiaqH/KlsSfbq1rMlmhS+QEI/IEnhptDgORcEdqgmRX206ZiDrnA9HQIaBTE5TuGA2z5XDbUcg==",
			"license": "MIT",
			"dependencies": {
				"@actions/expressions": "^0.3.13",
				"@actions/workflow-parser": "^0.3.13",
				"vscode-languageserver-textdocument": "^1.0.7",
				"vscode-languageserver-types": "^3.17.2",
				"vscode-uri": "^3.0.8",
				"yaml": "^2.1.1"
			},
			"engines": {
				"node": ">= 16.15"
			}
		},
		"node_modules/@actions/workflow-parser": {
			"version": "0.3.13",
			"resolved": "https://registry.npmjs.org/@actions/workflow-parser/-/workflow-parser-0.3.13.tgz",
			"integrity": "sha512-mXYw8K4Q8G5YV6V8Gaegi0oMhiT0I1nCnJJAdksJGET3XCp6i7KOI8BoQCVaNwd/9ASc+Mb+px9rbgGyUtL6hg==",
			"license": "MIT",
			"dependencies": {
				"@actions/expressions": "^0.3.13",
				"cronstrue": "^2.21.0",
				"yaml": "^2.0.0-8"
			},
			"engines": {
				"node": ">= 16.15"
			}
		},
		"node_modules/@biomejs/biome": {
			"version": "1.9.4",
			"resolved": "https://registry.npmjs.org/@biomejs/biome/-/biome-1.9.4.tgz",
			"integrity": "sha512-1rkd7G70+o9KkTn5KLmDYXihGoTaIGO9PIIN2ZB7UJxFrWw04CZHPYiMRjYsaDvVV7hP1dYNRLxSANLaBFGpog==",
			"dev": true,
			"hasInstallScript": true,
			"license": "MIT OR Apache-2.0",
			"bin": {
				"biome": "bin/biome"
			},
			"engines": {
				"node": ">=14.21.3"
			},
			"funding": {
				"type": "opencollective",
				"url": "https://opencollective.com/biome"
			},
			"optionalDependencies": {
				"@biomejs/cli-darwin-arm64": "1.9.4",
				"@biomejs/cli-darwin-x64": "1.9.4",
				"@biomejs/cli-linux-arm64": "1.9.4",
				"@biomejs/cli-linux-arm64-musl": "1.9.4",
				"@biomejs/cli-linux-x64": "1.9.4",
				"@biomejs/cli-linux-x64-musl": "1.9.4",
				"@biomejs/cli-win32-arm64": "1.9.4",
				"@biomejs/cli-win32-x64": "1.9.4"
			}
		},
		"node_modules/@biomejs/cli-darwin-arm64": {
			"version": "1.9.4",
			"resolved": "https://registry.npmjs.org/@biomejs/cli-darwin-arm64/-/cli-darwin-arm64-1.9.4.tgz",
			"integrity": "sha512-bFBsPWrNvkdKrNCYeAp+xo2HecOGPAy9WyNyB/jKnnedgzl4W4Hb9ZMzYNbf8dMCGmUdSavlYHiR01QaYR58cw==",
			"cpu": [
				"arm64"
			],
			"dev": true,
			"license": "MIT OR Apache-2.0",
			"optional": true,
			"os": [
				"darwin"
			],
			"engines": {
				"node": ">=14.21.3"
			}
		},
		"node_modules/@biomejs/cli-darwin-x64": {
			"version": "1.9.4",
			"resolved": "https://registry.npmjs.org/@biomejs/cli-darwin-x64/-/cli-darwin-x64-1.9.4.tgz",
			"integrity": "sha512-ngYBh/+bEedqkSevPVhLP4QfVPCpb+4BBe2p7Xs32dBgs7rh9nY2AIYUL6BgLw1JVXV8GlpKmb/hNiuIxfPfZg==",
			"cpu": [
				"x64"
			],
			"dev": true,
			"license": "MIT OR Apache-2.0",
			"optional": true,
			"os": [
				"darwin"
			],
			"engines": {
				"node": ">=14.21.3"
			}
		},
		"node_modules/@biomejs/cli-linux-arm64": {
			"version": "1.9.4",
			"resolved": "https://registry.npmjs.org/@biomejs/cli-linux-arm64/-/cli-linux-arm64-1.9.4.tgz",
			"integrity": "sha512-fJIW0+LYujdjUgJJuwesP4EjIBl/N/TcOX3IvIHJQNsAqvV2CHIogsmA94BPG6jZATS4Hi+xv4SkBBQSt1N4/g==",
			"cpu": [
				"arm64"
			],
			"dev": true,
			"license": "MIT OR Apache-2.0",
			"optional": true,
			"os": [
				"linux"
			],
			"engines": {
				"node": ">=14.21.3"
			}
		},
		"node_modules/@biomejs/cli-linux-arm64-musl": {
			"version": "1.9.4",
			"resolved": "https://registry.npmjs.org/@biomejs/cli-linux-arm64-musl/-/cli-linux-arm64-musl-1.9.4.tgz",
			"integrity": "sha512-v665Ct9WCRjGa8+kTr0CzApU0+XXtRgwmzIf1SeKSGAv+2scAlW6JR5PMFo6FzqqZ64Po79cKODKf3/AAmECqA==",
			"cpu": [
				"arm64"
			],
			"dev": true,
			"license": "MIT OR Apache-2.0",
			"optional": true,
			"os": [
				"linux"
			],
			"engines": {
				"node": ">=14.21.3"
			}
		},
		"node_modules/@biomejs/cli-linux-x64": {
			"version": "1.9.4",
			"resolved": "https://registry.npmjs.org/@biomejs/cli-linux-x64/-/cli-linux-x64-1.9.4.tgz",
			"integrity": "sha512-lRCJv/Vi3Vlwmbd6K+oQ0KhLHMAysN8lXoCI7XeHlxaajk06u7G+UsFSO01NAs5iYuWKmVZjmiOzJ0OJmGsMwg==",
			"cpu": [
				"x64"
			],
			"dev": true,
			"license": "MIT OR Apache-2.0",
			"optional": true,
			"os": [
				"linux"
			],
			"engines": {
				"node": ">=14.21.3"
			}
		},
		"node_modules/@biomejs/cli-linux-x64-musl": {
			"version": "1.9.4",
			"resolved": "https://registry.npmjs.org/@biomejs/cli-linux-x64-musl/-/cli-linux-x64-musl-1.9.4.tgz",
			"integrity": "sha512-gEhi/jSBhZ2m6wjV530Yy8+fNqG8PAinM3oV7CyO+6c3CEh16Eizm21uHVsyVBEB6RIM8JHIl6AGYCv6Q6Q9Tg==",
			"cpu": [
				"x64"
			],
			"dev": true,
			"license": "MIT OR Apache-2.0",
			"optional": true,
			"os": [
				"linux"
			],
			"engines": {
				"node": ">=14.21.3"
			}
		},
		"node_modules/@biomejs/cli-win32-arm64": {
			"version": "1.9.4",
			"resolved": "https://registry.npmjs.org/@biomejs/cli-win32-arm64/-/cli-win32-arm64-1.9.4.tgz",
			"integrity": "sha512-tlbhLk+WXZmgwoIKwHIHEBZUwxml7bRJgk0X2sPyNR3S93cdRq6XulAZRQJ17FYGGzWne0fgrXBKpl7l4M87Hg==",
			"cpu": [
				"arm64"
			],
			"dev": true,
			"license": "MIT OR Apache-2.0",
			"optional": true,
			"os": [
				"win32"
			],
			"engines": {
				"node": ">=14.21.3"
			}
		},
		"node_modules/@biomejs/cli-win32-x64": {
			"version": "1.9.4",
			"resolved": "https://registry.npmjs.org/@biomejs/cli-win32-x64/-/cli-win32-x64-1.9.4.tgz",
			"integrity": "sha512-8Y5wMhVIPaWe6jw2H+KlEm4wP/f7EW3810ZLmDlrEEy5KvBsb9ECEfu/kMWD484ijfQ8+nIi0giMgu9g1UAuuA==",
			"cpu": [
				"x64"
			],
			"dev": true,
			"license": "MIT OR Apache-2.0",
			"optional": true,
			"os": [
				"win32"
			],
			"engines": {
				"node": ">=14.21.3"
			}
		},
		"node_modules/@octokit/auth-token": {
			"version": "3.0.4",
			"resolved": "https://registry.npmjs.org/@octokit/auth-token/-/auth-token-3.0.4.tgz",
			"integrity": "sha512-TWFX7cZF2LXoCvdmJWY7XVPi74aSY0+FfBZNSXEXFkMpjcqsQwDSYVv5FhRFaI0V1ECnwbz4j59T/G+rXNWaIQ==",
			"license": "MIT",
			"engines": {
				"node": ">= 14"
			}
		},
		"node_modules/@octokit/core": {
			"version": "4.2.4",
			"resolved": "https://registry.npmjs.org/@octokit/core/-/core-4.2.4.tgz",
			"integrity": "sha512-rYKilwgzQ7/imScn3M9/pFfUf4I1AZEH3KhyJmtPdE2zfaXAn2mFfUy4FbKewzc2We5y/LlKLj36fWJLKC2SIQ==",
			"license": "MIT",
			"dependencies": {
				"@octokit/auth-token": "^3.0.0",
				"@octokit/graphql": "^5.0.0",
				"@octokit/request": "^6.0.0",
				"@octokit/request-error": "^3.0.0",
				"@octokit/types": "^9.0.0",
				"before-after-hook": "^2.2.0",
				"universal-user-agent": "^6.0.0"
			},
			"engines": {
				"node": ">= 14"
			}
		},
		"node_modules/@octokit/endpoint": {
			"version": "7.0.6",
			"resolved": "https://registry.npmjs.org/@octokit/endpoint/-/endpoint-7.0.6.tgz",
			"integrity": "sha512-5L4fseVRUsDFGR00tMWD/Trdeeihn999rTMGRMC1G/Ldi1uWlWJzI98H4Iak5DB/RVvQuyMYKqSK/R6mbSOQyg==",
			"license": "MIT",
			"dependencies": {
				"@octokit/types": "^9.0.0",
				"is-plain-object": "^5.0.0",
				"universal-user-agent": "^6.0.0"
			},
			"engines": {
				"node": ">= 14"
			}
		},
		"node_modules/@octokit/graphql": {
			"version": "5.0.6",
			"resolved": "https://registry.npmjs.org/@octokit/graphql/-/graphql-5.0.6.tgz",
			"integrity": "sha512-Fxyxdy/JH0MnIB5h+UQ3yCoh1FG4kWXfFKkpWqjZHw/p+Kc8Y44Hu/kCgNBT6nU1shNumEchmW/sUO1JuQnPcw==",
			"license": "MIT",
			"dependencies": {
				"@octokit/request": "^6.0.0",
				"@octokit/types": "^9.0.0",
				"universal-user-agent": "^6.0.0"
			},
			"engines": {
				"node": ">= 14"
			}
		},
		"node_modules/@octokit/openapi-types": {
			"version": "18.1.1",
			"resolved": "https://registry.npmjs.org/@octokit/openapi-types/-/openapi-types-18.1.1.tgz",
			"integrity": "sha512-VRaeH8nCDtF5aXWnjPuEMIYf1itK/s3JYyJcWFJT8X9pSNnBtriDf7wlEWsGuhPLl4QIH4xM8fqTXDwJ3Mu6sw==",
			"license": "MIT"
		},
		"node_modules/@octokit/plugin-paginate-rest": {
			"version": "6.1.2",
			"resolved": "https://registry.npmjs.org/@octokit/plugin-paginate-rest/-/plugin-paginate-rest-6.1.2.tgz",
			"integrity": "sha512-qhrmtQeHU/IivxucOV1bbI/xZyC/iOBhclokv7Sut5vnejAIAEXVcGQeRpQlU39E0WwK9lNvJHphHri/DB6lbQ==",
			"license": "MIT",
			"dependencies": {
				"@octokit/tsconfig": "^1.0.2",
				"@octokit/types": "^9.2.3"
			},
			"engines": {
				"node": ">= 14"
			},
			"peerDependencies": {
				"@octokit/core": ">=4"
			}
		},
		"node_modules/@octokit/plugin-request-log": {
			"version": "1.0.4",
			"resolved": "https://registry.npmjs.org/@octokit/plugin-request-log/-/plugin-request-log-1.0.4.tgz",
			"integrity": "sha512-mLUsMkgP7K/cnFEw07kWqXGF5LKrOkD+lhCrKvPHXWDywAwuDUeDwWBpc69XK3pNX0uKiVt8g5z96PJ6z9xCFA==",
			"license": "MIT",
			"peerDependencies": {
				"@octokit/core": ">=3"
			}
		},
		"node_modules/@octokit/plugin-rest-endpoint-methods": {
			"version": "7.2.3",
			"resolved": "https://registry.npmjs.org/@octokit/plugin-rest-endpoint-methods/-/plugin-rest-endpoint-methods-7.2.3.tgz",
			"integrity": "sha512-I5Gml6kTAkzVlN7KCtjOM+Ruwe/rQppp0QU372K1GP7kNOYEKe8Xn5BW4sE62JAHdwpq95OQK/qGNyKQMUzVgA==",
			"license": "MIT",
			"dependencies": {
				"@octokit/types": "^10.0.0"
			},
			"engines": {
				"node": ">= 14"
			},
			"peerDependencies": {
				"@octokit/core": ">=3"
			}
		},
		"node_modules/@octokit/plugin-rest-endpoint-methods/node_modules/@octokit/types": {
			"version": "10.0.0",
			"resolved": "https://registry.npmjs.org/@octokit/types/-/types-10.0.0.tgz",
			"integrity": "sha512-Vm8IddVmhCgU1fxC1eyinpwqzXPEYu0NrYzD3YZjlGjyftdLBTeqNblRC0jmJmgxbJIsQlyogVeGnrNaaMVzIg==",
			"license": "MIT",
			"dependencies": {
				"@octokit/openapi-types": "^18.0.0"
			}
		},
		"node_modules/@octokit/request": {
			"version": "6.2.8",
			"resolved": "https://registry.npmjs.org/@octokit/request/-/request-6.2.8.tgz",
			"integrity": "sha512-ow4+pkVQ+6XVVsekSYBzJC0VTVvh/FCTUUgTsboGq+DTeWdyIFV8WSCdo0RIxk6wSkBTHqIK1mYuY7nOBXOchw==",
			"license": "MIT",
			"dependencies": {
				"@octokit/endpoint": "^7.0.0",
				"@octokit/request-error": "^3.0.0",
				"@octokit/types": "^9.0.0",
				"is-plain-object": "^5.0.0",
				"node-fetch": "^2.6.7",
				"universal-user-agent": "^6.0.0"
			},
			"engines": {
				"node": ">= 14"
			}
		},
		"node_modules/@octokit/request-error": {
			"version": "3.0.3",
			"resolved": "https://registry.npmjs.org/@octokit/request-error/-/request-error-3.0.3.tgz",
			"integrity": "sha512-crqw3V5Iy2uOU5Np+8M/YexTlT8zxCfI+qu+LxUB7SZpje4Qmx3mub5DfEKSO8Ylyk0aogi6TYdf6kxzh2BguQ==",
			"license": "MIT",
			"dependencies": {
				"@octokit/types": "^9.0.0",
				"deprecation": "^2.0.0",
				"once": "^1.4.0"
			},
			"engines": {
				"node": ">= 14"
			}
		},
		"node_modules/@octokit/rest": {
			"version": "19.0.13",
			"resolved": "https://registry.npmjs.org/@octokit/rest/-/rest-19.0.13.tgz",
			"integrity": "sha512-/EzVox5V9gYGdbAI+ovYj3nXQT1TtTHRT+0eZPcuC05UFSWO3mdO9UY1C0i2eLF9Un1ONJkAk+IEtYGAC+TahA==",
			"license": "MIT",
			"dependencies": {
				"@octokit/core": "^4.2.1",
				"@octokit/plugin-paginate-rest": "^6.1.2",
				"@octokit/plugin-request-log": "^1.0.4",
				"@octokit/plugin-rest-endpoint-methods": "^7.1.2"
			},
			"engines": {
				"node": ">= 14"
			}
		},
		"node_modules/@octokit/tsconfig": {
			"version": "1.0.2",
			"resolved": "https://registry.npmjs.org/@octokit/tsconfig/-/tsconfig-1.0.2.tgz",
			"integrity": "sha512-I0vDR0rdtP8p2lGMzvsJzbhdOWy405HcGovrspJ8RRibHnyRgggUSNO5AIox5LmqiwmatHKYsvj6VGFHkqS7lA==",
			"license": "MIT"
		},
		"node_modules/@octokit/types": {
			"version": "9.3.2",
			"resolved": "https://registry.npmjs.org/@octokit/types/-/types-9.3.2.tgz",
			"integrity": "sha512-D4iHGTdAnEEVsB8fl95m1hiz7D5YiRdQ9b/OEb3BYRVwbLsGHcRVPz+u+BgRLNk0Q0/4iZCBqDN96j2XNxfXrA==",
			"license": "MIT",
			"dependencies": {
				"@octokit/openapi-types": "^18.0.0"
			}
		},
		"node_modules/@types/bun": {
			"version": "1.1.16",
			"resolved": "https://registry.npmjs.org/@types/bun/-/bun-1.1.16.tgz",
			"integrity": "sha512-E+ue6NMcn4FXC5bDRE1W/BXUVs01h5Mt02qH8/8HGCox9akuh8KNOFdwvaQS9TDgT2RmUyJYFRRqA60WtTnm2g==",
			"dev": true,
			"license": "MIT",
			"dependencies": {
				"bun-types": "1.1.43"
			}
		},
		"node_modules/@types/node": {
			"version": "20.12.14",
			"resolved": "https://registry.npmjs.org/@types/node/-/node-20.12.14.tgz",
			"integrity": "sha512-scnD59RpYD91xngrQQLGkE+6UrHUPzeKZWhhjBSa3HSkwjbQc38+q3RoIVEwxQGRw3M+j5hpNAM+lgV3cVormg==",
			"dev": true,
			"license": "MIT",
			"dependencies": {
				"undici-types": "~5.26.4"
			}
		},
		"node_modules/@types/ws": {
			"version": "8.5.13",
			"resolved": "https://registry.npmjs.org/@types/ws/-/ws-8.5.13.tgz",
			"integrity": "sha512-osM/gWBTPKgHV8XkTunnegTRIsvF6owmf5w+JtAfOw472dptdm0dlGv4xCt6GwQRcC2XVOvvRE/0bAoQcL2QkA==",
			"dev": true,
			"license": "MIT",
			"dependencies": {
				"@types/node": "*"
			}
		},
		"node_modules/before-after-hook": {
			"version": "2.2.3",
			"resolved": "https://registry.npmjs.org/before-after-hook/-/before-after-hook-2.2.3.tgz",
			"integrity": "sha512-NzUnlZexiaH/46WDhANlyR2bXRopNg4F/zuSA3OpZnllCUgRaOF2znDioDWrmbNVsuZk6l9pMquQB38cfBZwkQ==",
			"license": "Apache-2.0"
		},
		"node_modules/bun-types": {
			"version": "1.1.43",
			"resolved": "https://registry.npmjs.org/bun-types/-/bun-types-1.1.43.tgz",
			"integrity": "sha512-W0wCtVH+bwFp7p3Zgs03CqxEDmXxEvmmUM/FBKgWIv9T8gyeotvIjIbHzuDScc2DphhRNtr7hJLCR5PspYL5qw==",
			"dev": true,
			"license": "MIT",
			"dependencies": {
				"@types/node": "~20.12.8",
				"@types/ws": "~8.5.10"
			}
		},
		"node_modules/cronstrue": {
			"version": "2.52.0",
			"resolved": "https://registry.npmjs.org/cronstrue/-/cronstrue-2.52.0.tgz",
			"integrity": "sha512-NKgHbWkSZXJUcaBHSsyzC8eegD6bBd4O0oCI6XMIJ+y4Bq3v4w7sY3wfWoKPuVlq9pQHRB6od0lmKpIqi8TlKA==",
			"license": "MIT",
			"bin": {
				"cronstrue": "bin/cli.js"
			}
		},
		"node_modules/deprecation": {
			"version": "2.3.1",
			"resolved": "https://registry.npmjs.org/deprecation/-/deprecation-2.3.1.tgz",
			"integrity": "sha512-xmHIy4F3scKVwMsQ4WnVaS8bHOx0DmVwRywosKhaILI0ywMDWPtBSku2HNxRvF7jtwDRsoEwYQSfbxj8b7RlJQ==",
			"license": "ISC"
		},
		"node_modules/is-plain-object": {
			"version": "5.0.0",
			"resolved": "https://registry.npmjs.org/is-plain-object/-/is-plain-object-5.0.0.tgz",
			"integrity": "sha512-VRSzKkbMm5jMDoKLbltAkFQ5Qr7VDiTFGXxYFXXowVj387GeGNOCsOH6Msy00SGZ3Fp84b1Naa1psqgcCIEP5Q==",
			"license": "MIT",
			"engines": {
				"node": ">=0.10.0"
			}
		},
		"node_modules/node-fetch": {
			"version": "2.7.0",
			"resolved": "https://registry.npmjs.org/node-fetch/-/node-fetch-2.7.0.tgz",
			"integrity": "sha512-c4FRfUm/dbcWZ7U+1Wq0AwCyFL+3nt2bEw05wfxSz+DWpWsitgmSgYmy2dQdWyKC1694ELPqMs/YzUSNozLt8A==",
			"license": "MIT",
			"dependencies": {
				"whatwg-url": "^5.0.0"
			},
			"engines": {
				"node": "4.x || >=6.0.0"
			},
			"peerDependencies": {
				"encoding": "^0.1.0"
			},
			"peerDependenciesMeta": {
				"encoding": {
					"optional": true
				}
			}
		},
		"node_modules/once": {
			"version": "1.4.0",
			"resolved": "https://registry.npmjs.org/once/-/once-1.4.0.tgz",
			"integrity": "sha512-lNaJgI+2Q5URQBkccEKHTQOPaXdUxnZZElQTZY0MFUAuaEqe1E+Nyvgdz/aIyNi6Z9MzO5dv1H8n58/GELp3+w==",
			"license": "ISC",
			"dependencies": {
				"wrappy": "1"
			}
		},
		"node_modules/tr46": {
			"version": "0.0.3",
			"resolved": "https://registry.npmjs.org/tr46/-/tr46-0.0.3.tgz",
			"integrity": "sha512-N3WMsuqV66lT30CrXNbEjx4GEwlow3v6rr4mCcv6prnfwhS01rkgyFdjPNBYd9br7LpXV1+Emh01fHnq2Gdgrw==",
			"license": "MIT"
		},
		"node_modules/typescript": {
			"version": "5.7.3",
			"resolved": "https://registry.npmjs.org/typescript/-/typescript-5.7.3.tgz",
			"integrity": "sha512-84MVSjMEHP+FQRPy3pX9sTVV/INIex71s9TL2Gm5FG/WG1SqXeKyZ0k7/blY/4FdOzI12CBy1vGc4og/eus0fw==",
			"license": "Apache-2.0",
			"peer": true,
			"bin": {
				"tsc": "bin/tsc",
				"tsserver": "bin/tsserver"
			},
			"engines": {
				"node": ">=14.17"
			}
		},
		"node_modules/undici-types": {
			"version": "5.26.5",
			"resolved": "https://registry.npmjs.org/undici-types/-/undici-types-5.26.5.tgz",
			"integrity": "sha512-JlCMO+ehdEIKqlFxk6IfVoAUVmgz7cU7zD/h9XZ0qzeosSHmUJVOzSQvvYSYWXkFXC+IfLKSIffhv0sVZup6pA==",
			"dev": true,
			"license": "MIT"
		},
		"node_modules/universal-user-agent": {
			"version": "6.0.1",
			"resolved": "https://registry.npmjs.org/universal-user-agent/-/universal-user-agent-6.0.1.tgz",
			"integrity": "sha512-yCzhz6FN2wU1NiiQRogkTQszlQSlpWaw8SvVegAc+bDxbzHgh1vX8uIe8OYyMH6DwH+sdTJsgMl36+mSMdRJIQ==",
			"license": "ISC"
		},
		"node_modules/vscode-jsonrpc": {
			"version": "8.1.0",
			"resolved": "https://registry.npmjs.org/vscode-jsonrpc/-/vscode-jsonrpc-8.1.0.tgz",
			"integrity": "sha512-6TDy/abTQk+zDGYazgbIPc+4JoXdwC8NHU9Pbn4UJP1fehUyZmM4RHp5IthX7A6L5KS30PRui+j+tbbMMMafdw==",
			"license": "MIT",
			"engines": {
				"node": ">=14.0.0"
			}
		},
		"node_modules/vscode-languageserver": {
			"version": "8.1.0",
			"resolved": "https://registry.npmjs.org/vscode-languageserver/-/vscode-languageserver-8.1.0.tgz",
			"integrity": "sha512-eUt8f1z2N2IEUDBsKaNapkz7jl5QpskN2Y0G01T/ItMxBxw1fJwvtySGB9QMecatne8jFIWJGWI61dWjyTLQsw==",
			"license": "MIT",
			"dependencies": {
				"vscode-languageserver-protocol": "3.17.3"
			},
			"bin": {
				"installServerIntoExtension": "bin/installServerIntoExtension"
			}
		},
		"node_modules/vscode-languageserver-protocol": {
			"version": "3.17.3",
			"resolved": "https://registry.npmjs.org/vscode-languageserver-protocol/-/vscode-languageserver-protocol-3.17.3.tgz",
			"integrity": "sha512-924/h0AqsMtA5yK22GgMtCYiMdCOtWTSGgUOkgEDX+wk2b0x4sAfLiO4NxBxqbiVtz7K7/1/RgVrVI0NClZwqA==",
			"license": "MIT",
			"dependencies": {
				"vscode-jsonrpc": "8.1.0",
				"vscode-languageserver-types": "3.17.3"
			}
		},
		"node_modules/vscode-languageserver-protocol/node_modules/vscode-languageserver-types": {
			"version": "3.17.3",
			"resolved": "https://registry.npmjs.org/vscode-languageserver-types/-/vscode-languageserver-types-3.17.3.tgz",
			"integrity": "sha512-SYU4z1dL0PyIMd4Vj8YOqFvHu7Hz/enbWtpfnVbJHU4Nd1YNYx8u0ennumc6h48GQNeOLxmwySmnADouT/AuZA==",
			"license": "MIT"
		},
		"node_modules/vscode-languageserver-textdocument": {
			"version": "1.0.12",
			"resolved": "https://registry.npmjs.org/vscode-languageserver-textdocument/-/vscode-languageserver-textdocument-1.0.12.tgz",
			"integrity": "sha512-cxWNPesCnQCcMPeenjKKsOCKQZ/L6Tv19DTRIGuLWe32lyzWhihGVJ/rcckZXJxfdKCFvRLS3fpBIsV/ZGX4zA==",
			"license": "MIT"
		},
		"node_modules/vscode-languageserver-types": {
			"version": "3.17.5",
			"resolved": "https://registry.npmjs.org/vscode-languageserver-types/-/vscode-languageserver-types-3.17.5.tgz",
			"integrity": "sha512-Ld1VelNuX9pdF39h2Hgaeb5hEZM2Z3jUrrMgWQAu82jMtZp7p3vJT3BzToKtZI7NgQssZje5o0zryOrhQvzQAg==",
			"license": "MIT"
		},
		"node_modules/vscode-uri": {
			"version": "3.0.8",
			"resolved": "https://registry.npmjs.org/vscode-uri/-/vscode-uri-3.0.8.tgz",
			"integrity": "sha512-AyFQ0EVmsOZOlAnxoFOGOq1SQDWAB7C6aqMGS23svWAllfOaxbuFvcT8D1i8z3Gyn8fraVeZNNmN6e9bxxXkKw==",
			"license": "MIT"
		},
		"node_modules/webidl-conversions": {
			"version": "3.0.1",
			"resolved": "https://registry.npmjs.org/webidl-conversions/-/webidl-conversions-3.0.1.tgz",
			"integrity": "sha512-2JAn3z8AR6rjK8Sm8orRC0h/bcl/DqL7tRPdGZ4I1CjdF+EaMLmYxBHyXuKL849eucPFhvBoxMsflfOb8kxaeQ==",
			"license": "BSD-2-Clause"
		},
		"node_modules/whatwg-url": {
			"version": "5.0.0",
			"resolved": "https://registry.npmjs.org/whatwg-url/-/whatwg-url-5.0.0.tgz",
			"integrity": "sha512-saE57nupxk6v3HY35+jzBwYa0rKSy0XR8JSxZPwgLr7ys0IBzhGviA1/TUGJLmSVqs8pb9AnvICXEuOHLprYTw==",
			"license": "MIT",
			"dependencies": {
				"tr46": "~0.0.3",
				"webidl-conversions": "^3.0.0"
			}
		},
		"node_modules/wrappy": {
			"version": "1.0.2",
			"resolved": "https://registry.npmjs.org/wrappy/-/wrappy-1.0.2.tgz",
			"integrity": "sha512-l4Sp/DRseor9wL6EvV2+TuQn63dMkPjZ/sp9XkghTEbV9KlPS1xUsZ3u7/IQO4wxtcFB4bgpQPRcR3QCvezPcQ==",
			"license": "ISC"
		},
		"node_modules/yaml": {
			"version": "2.7.0",
			"resolved": "https://registry.npmjs.org/yaml/-/yaml-2.7.0.tgz",
			"integrity": "sha512-+hSoy/QHluxmC9kCIJyL/uyFmLmc+e5CFR5Wa+bpIhIj85LVb9ZH2nVnqrHoSvKogwODv0ClqZkmiSSaIH5LTA==",
			"license": "ISC",
			"bin": {
				"yaml": "bin.mjs"
			},
			"engines": {
				"node": ">= 14"
			}
		}
	}
}
