name: Update flake.lock

on:
  schedule:
    # weekly
    - cron: "0 0 * * 0"
  workflow_dispatch: 

jobs:
  update-flake:
    runs-on: ubuntu-latest
    permissions:
      # Give the default GITHUB_TOKEN write permission to commit and push the
      # added or changed files to the repository.
      contents: write
    steps:
      - name: Checkout repository
        uses: actions/checkout@de0fac2e4500dabe0009e67214ff5f5447ce83dd # v6
        with:
          persist-credentials: false
      - name: Install Determinate Nix
        uses: DeterminateSystems/determinate-nix-action@131015bad844610e5e6300f8a143bf625d3e74f4 # v3
      - name: Update flake.lock
        run: |
          nix flake update
      - name: Push changes
        uses: stefanzweifel/git-auto-commit-action@04702edda442b2e678b25b537cec683a1493fcb9 # v7
        with:
          commit_message: "chore(nix): update flake.lock [skip ci]"
          commit_user_name: "github-actions[bot]"
          commit_user_email: "github-actions[bot]@users.noreply.github.com"
          commit_author: "github-actions[bot] <github-actions[bot]@users.noreply.github.com>"
